{
    "_meta": {
        "hash": {
            "sha256": "c6cf043a23de10edf97e252a4680707da9a0fa5372bbeb1a18c166a20fee658c"
        },
        "pipfile-spec": 6,
        "requires": {
            "python_version": "3.13"
        },
        "sources": [
            {
                "name": "pypi",
                "url": "https://pypi.org/simple",
                "verify_ssl": true
            }
        ]
    },
    "default": {},
    "develop": {}
}
